
Microsoft Visual Studio Solution File, Format Version 12.00
# Visual Studio Version 17
VisualStudioVersion = 17.7.34031.279
MinimumVisualStudioVersion = 10.0.40219.1
Project("{FAE04EC0-301F-11D3-BF4B-00C04F79EFBC}") = "Server", "Server.csproj", "{3DB446BA-AAEF-4C10-8C64-6CF53DC2607E}"
EndProject
Project("{9A19103F-16F7-4668-BE54-9A1E7A4F7556}") = "TransferServer", "..\BroadcastServer\TransferServer.csproj", "{993D1D77-80FC-4F5A-929E-876F2BAB36EC}"
EndProject
Project("{9A19103F-16F7-4668-BE54-9A1E7A4F7556}") = "MathMetods", "..\..\..\..\source\repos\MathAproximate\MathMetods.csproj", "{F458A491-1A03-4F97-8EC1-FEF50A3E40BC}"
EndProject
Global
	GlobalSection(SolutionConfigurationPlatforms) = preSolution
		Debug|Any CPU = Debug|Any CPU
		Release|Any CPU = Release|Any CPU
	EndGlobalSection
	GlobalSection(ProjectConfigurationPlatforms) = postSolution
		{3DB446BA-AAEF-4C10-8C64-6CF53DC2607E}.Debug|Any CPU.ActiveCfg = Debug|Any CPU
		{3DB446BA-AAEF-4C10-8C64-6CF53DC2607E}.Debug|Any CPU.Build.0 = Debug|Any CPU
		{3DB446BA-AAEF-4C10-8C64-6CF53DC2607E}.Release|Any CPU.ActiveCfg = Release|Any CPU
		{3DB446BA-AAEF-4C10-8C64-6CF53DC2607E}.Release|Any CPU.Build.0 = Release|Any CPU
		{993D1D77-80FC-4F5A-929E-876F2BAB36EC}.Debug|Any CPU.ActiveCfg = Debug|Any CPU
		{993D1D77-80FC-4F5A-929E-876F2BAB36EC}.Debug|Any CPU.Build.0 = Debug|Any CPU
		{993D1D77-80FC-4F5A-929E-876F2BAB36EC}.Release|Any CPU.ActiveCfg = Release|Any CPU
		{993D1D77-80FC-4F5A-929E-876F2BAB36EC}.Release|Any CPU.Build.0 = Release|Any CPU
		{F458A491-1A03-4F97-8EC1-FEF50A3E40BC}.Debug|Any CPU.ActiveCfg = Debug|Any CPU
		{F458A491-1A03-4F97-8EC1-FEF50A3E40BC}.Debug|Any CPU.Build.0 = Debug|Any CPU
		{F458A491-1A03-4F97-8EC1-FEF50A3E40BC}.Release|Any CPU.ActiveCfg = Release|Any CPU
		{F458A491-1A03-4F97-8EC1-FEF50A3E40BC}.Release|Any CPU.Build.0 = Release|Any CPU
	EndGlobalSection
	GlobalSection(SolutionProperties) = preSolution
		HideSolutionNode = FALSE
	EndGlobalSection
	GlobalSection(ExtensibilityGlobals) = postSolution
		SolutionGuid = {9F631C98-F882-44BC-BA2F-8495168CE044}
	EndGlobalSection
EndGlobal
