
Microsoft Visual Studio Solution File, Format Version 12.00
# Visual Studio Version 17
VisualStudioVersion = 17.7.34031.279
MinimumVisualStudioVersion = 10.0.40219.1
Project("{FAE04EC0-301F-11D3-BF4B-00C04F79EFBC}") = "clock", "clock.csproj", "{EEB83BB9-1A68-4E43-B5ED-351AEF09600B}"
EndProject
Global
	GlobalSection(SolutionConfigurationPlatforms) = preSolution
		Debug|Any CPU = Debug|Any CPU
		Release|Any CPU = Release|Any CPU
	EndGlobalSection
	GlobalSection(ProjectConfigurationPlatforms) = postSolution
		{EEB83BB9-1A68-4E43-B5ED-351AEF09600B}.Debug|Any CPU.ActiveCfg = Debug|Any CPU
		{EEB83BB9-1A68-4E43-B5ED-351AEF09600B}.Debug|Any CPU.Build.0 = Debug|Any CPU
		{EEB83BB9-1A68-4E43-B5ED-351AEF09600B}.Release|Any CPU.ActiveCfg = Release|Any CPU
		{EEB83BB9-1A68-4E43-B5ED-351AEF09600B}.Release|Any CPU.Build.0 = Release|Any CPU
	EndGlobalSection
	GlobalSection(SolutionProperties) = preSolution
		HideSolutionNode = FALSE
	EndGlobalSection
	GlobalSection(ExtensibilityGlobals) = postSolution
		SolutionGuid = {95989578-5CD9-4CE5-9DC6-F8BDF28A3237}
	EndGlobalSection
EndGlobal
